// !$*UTF8*$!
{
	archiveVersion = 1;
	classes = {
	};
	objectVersion = 46;
	objects = {

/* Begin PBXBuildFile section */
		62F341CE1CA12DBD009499F6 /* main.m in Sources */ = {isa = PBXBuildFile; fileRef = 62F341CD1CA12DBD009499F6 /* main.m */; };
		62F341D11CA12DBD009499F6 /* AppDelegate.m in Sources */ = {isa = PBXBuildFile; fileRef = 62F341D01CA12DBD009499F6 /* AppDelegate.m */; };
		62F341D41CA12DBD009499F6 /* ViewController.m in Sources */ = {isa = PBXBuildFile; fileRef = 62F341D31CA12DBD009499F6 /* ViewController.m */; };
		62F341D71CA12DBD009499F6 /* Main.storyboard in Resources */ = {isa = PBXBuildFile; fileRef = 62F341D51CA12DBD009499F6 /* Main.storyboard */; };
		62F341D91CA12DBD009499F6 /* Assets.xcassets in Resources */ = {isa = PBXBuildFile; fileRef = 62F341D81CA12DBD009499F6 /* Assets.xcassets */; };
		62F341DC1CA12DBD009499F6 /* LaunchScreen.storyboard in Resources */ = {isa = PBXBuildFile; fileRef = 62F341DA1CA12DBD009499F6 /* LaunchScreen.storyboard */; };
		62F341E71CA12DBD009499F6 /* loadingAnimationTests.m in Sources */ = {isa = PBXBuildFile; fileRef = 62F341E61CA12DBD009499F6 /* loadingAnimationTests.m */; };
		62F341F31CA12F25009499F6 /* LoadingView.m in Sources */ = {isa = PBXBuildFile; fileRef = 62F341F21CA12F25009499F6 /* LoadingView.m */; };
/* End PBXBuildFile section */

/* Begin PBXContainerItemProxy section */
		62F341E31CA12DBD009499F6 /* PBXContainerItemProxy */ = {
			isa = PBXContainerItemProxy;
			containerPortal = 62F341C11CA12DBD009499F6 /* Project object */;
			proxyType = 1;
			remoteGlobalIDString = 62F341C81CA12DBD009499F6;
			remoteInfo = loadingAnimation;
		};
/* End PBXContainerItemProxy section */

/* Begin PBXFileReference section */
		62F341C91CA12DBD009499F6 /* loadingAnimation.app */ = {isa = PBXFileReference; explicitFileType = wrapper.application; includeInIndex = 0; path = loadingAnimation.app; sourceTree = BUILT_PRODUCTS_DIR; };
		62F341CD1CA12DBD009499F6 /* main.m */ = {isa = PBXFileReference; lastKnownFileType = sourcecode.c.objc; path = main.m; sourceTree = "<group>"; };
		62F341CF1CA12DBD009499F6 /* AppDelegate.h */ = {isa = PBXFileReference; lastKnownFileType = sourcecode.c.h; path = AppDelegate.h; sourceTree = "<group>"; };
		62F341D01CA12DBD009499F6 /* AppDelegate.m */ = {isa = PBXFileReference; lastKnownFileType = sourcecode.c.objc; path = AppDelegate.m; sourceTree = "<group>"; };
		62F341D21CA12DBD009499F6 /* ViewController.h */ = {isa = PBXFileReference; lastKnownFileType = sourcecode.c.h; path = ViewController.h; sourceTree = "<group>"; };
		62F341D31CA12DBD009499F6 /* ViewController.m */ = {isa = PBXFileReference; lastKnownFileType = sourcecode.c.objc; path = ViewController.m; sourceTree = "<group>"; };
		62F341D61CA12DBD009499F6 /* Base */ = {isa = PBXFileReference; lastKnownFileType = file.storyboard; name = Base; path = Base.lproj/Main.storyboard; sourceTree = "<group>"; };
		62F341D81CA12DBD009499F6 /* Assets.xcassets */ = {isa = PBXFileReference; lastKnownFileType = folder.assetcatalog; path = Assets.xcassets; sourceTree = "<group>"; };
		62F341DB1CA12DBD009499F6 /* Base */ = {isa = PBXFileReference; lastKnownFileType = file.storyboard; name = Base; path = Base.lproj/LaunchScreen.storyboard; sourceTree = "<group>"; };
		62F341DD1CA12DBD009499F6 /* Info.plist */ = {isa = PBXFileReference; lastKnownFileType = text.plist.xml; path = Info.plist; sourceTree = "<group>"; };
		62F341E21CA12DBD009499F6 /* loadingAnimationTests.xctest */ = {isa = PBXFileReference; explicitFileType = wrapper.cfbundle; includeInIndex = 0; path = loadingAnimationTests.xctest; sourceTree = BUILT_PRODUCTS_DIR; };
		62F341E61CA12DBD009499F6 /* loadingAnimationTests.m */ = {isa = PBXFileReference; lastKnownFileType = sourcecode.c.objc; path = loadingAnimationTests.m; sourceTree = "<group>"; };
		62F341E81CA12DBD009499F6 /* Info.plist */ = {isa = PBXFileReference; lastKnownFileType = text.plist.xml; path = Info.plist; sourceTree = "<group>"; };
		62F341F11CA12F25009499F6 /* LoadingView.h */ = {isa = PBXFileReference; fileEncoding = 4; lastKnownFileType = sourcecode.c.h; path = LoadingView.h; sourceTree = "<group>"; };
		62F341F21CA12F25009499F6 /* LoadingView.m */ = {isa = PBXFileReference; fileEncoding = 4; lastKnownFileType = sourcecode.c.objc; path = LoadingView.m; sourceTree = "<group>"; };
/* End PBXFileReference section */

/* Begin PBXFrameworksBuildPhase section */
		62F341C61CA12DBD009499F6 /* Frameworks */ = {
			isa = PBXFrameworksBuildPhase;
			buildActionMask = 2147483647;
			files = (
			);
			runOnlyForDeploymentPostprocessing = 0;
		};
		62F341DF1CA12DBD009499F6 /* Frameworks */ = {
			isa = PBXFrameworksBuildPhase;
			buildActionMask = 2147483647;
			files = (
			);
			runOnlyForDeploymentPostprocessing = 0;
		};
/* End PBXFrameworksBuildPhase section */

/* Begin PBXGroup section */
		62F341C01CA12DBD009499F6 = {
			isa = PBXGroup;
			children = (
				62F341CB1CA12DBD009499F6 /* loadingAnimation */,
				62F341E51CA12DBD009499F6 /* loadingAnimationTests */,
				62F341CA1CA12DBD009499F6 /* Products */,
			);
			sourceTree = "<group>";
		};
		62F341CA1CA12DBD009499F6 /* Products */ = {
			isa = PBXGroup;
			children = (
				62F341C91CA12DBD009499F6 /* loadingAnimation.app */,
				62F341E21CA12DBD009499F6 /* loadingAnimationTests.xctest */,
			);
			name = Products;
			sourceTree = "<group>";
		};
		62F341CB1CA12DBD009499F6 /* loadingAnimation */ = {
			isa = PBXGroup;
			children = (
				62F341CF1CA12DBD009499F6 /* AppDelegate.h */,
				62F341D01CA12DBD009499F6 /* AppDelegate.m */,
				62F341D21CA12DBD009499F6 /* ViewController.h */,
				62F341D31CA12DBD009499F6 /* ViewController.m */,
				62F341F11CA12F25009499F6 /* LoadingView.h */,
				62F341F21CA12F25009499F6 /* LoadingView.m */,
				62F341D51CA12DBD009499F6 /* Main.storyboard */,
				62F341D81CA12DBD009499F6 /* Assets.xcassets */,
				62F341DA1CA12DBD009499F6 /* LaunchScreen.storyboard */,
				62F341DD1CA12DBD009499F6 /* Info.plist */,
				62F341CC1CA12DBD009499F6 /* Supporting Files */,
			);
			path = loadingAnimation;
			sourceTree = "<group>";
		};
		62F341CC1CA12DBD009499F6 /* Supporting Files */ = {
			isa = PBXGroup;
			children = (
				62F341CD1CA12DBD009499F6 /* main.m */,
			);
			name = "Supporting Files";
			sourceTree = "<group>";
		};
		62F341E51CA12DBD009499F6 /* loadingAnimationTests */ = {
			isa = PBXGroup;
			children = (
				62F341E61CA12DBD009499F6 /* loadingAnimationTests.m */,
				62F341E81CA12DBD009499F6 /* Info.plist */,
			);
			path = loadingAnimationTests;
			sourceTree = "<group>";
		};
/* End PBXGroup section */

/* Begin PBXNativeTarget section */
		62F341C81CA12DBD009499F6 /* loadingAnimation */ = {
			isa = PBXNativeTarget;
			buildConfigurationList = 62F341EB1CA12DBD009499F6 /* Build configuration list for PBXNativeTarget "loadingAnimation" */;
			buildPhases = (
				62F341C51CA12DBD009499F6 /* Sources */,
				62F341C61CA12DBD009499F6 /* Frameworks */,
				62F341C71CA12DBD009499F6 /* Resources */,
			);
			buildRules = (
			);
			dependencies = (
			);
			name = loadingAnimation;
			productName = loadingAnimation;
			productReference = 62F341C91CA12DBD009499F6 /* loadingAnimation.app */;
			productType = "com.apple.product-type.application";
		};
		62F341E11CA12DBD009499F6 /* loadingAnimationTests */ = {
			isa = PBXNativeTarget;
			buildConfigurationList = 62F341EE1CA12DBD009499F6 /* Build configuration list for PBXNativeTarget "loadingAnimationTests" */;
			buildPhases = (
				62F341DE1CA12DBD009499F6 /* Sources */,
				62F341DF1CA12DBD009499F6 /* Frameworks */,
				62F341E01CA12DBD009499F6 /* Resources */,
			);
			buildRules = (
			);
			dependencies = (
				62F341E41CA12DBD009499F6 /* PBXTargetDependency */,
			);
			name = loadingAnimationTests;
			productName = loadingAnimationTests;
			productReference = 62F341E21CA12DBD009499F6 /* loadingAnimationTests.xctest */;
			productType = "com.apple.product-type.bundle.unit-test";
		};
/* End PBXNativeTarget section */

/* Begin PBXProject section */
		62F341C11CA12DBD009499F6 /* Project object */ = {
			isa = PBXProject;
			attributes = {
				LastUpgradeCheck = 0720;
				ORGANIZATIONNAME = "Changhong electric Co., Ltd";
				TargetAttributes = {
					62F341C81CA12DBD009499F6 = {
						CreatedOnToolsVersion = 7.2.1;
					};
					62F341E11CA12DBD009499F6 = {
						CreatedOnToolsVersion = 7.2.1;
						TestTargetID = 62F341C81CA12DBD009499F6;
					};
				};
			};
			buildConfigurationList = 62F341C41CA12DBD009499F6 /* Build configuration list for PBXProject "loadingAnimation" */;
			compatibilityVersion = "Xcode 3.2";
			developmentRegion = English;
			hasScannedForEncodings = 0;
			knownRegions = (
				en,
				Base,
			);
			mainGroup = 62F341C01CA12DBD009499F6;
			productRefGroup = 62F341CA1CA12DBD009499F6 /* Products */;
			projectDirPath = "";
			projectRoot = "";
			targets = (
				62F341C81CA12DBD009499F6 /* loadingAnimation */,
				62F341E11CA12DBD009499F6 /* loadingAnimationTests */,
			);
		};
/* End PBXProject section */

/* Begin PBXResourcesBuildPhase section */
		62F341C71CA12DBD009499F6 /* Resources */ = {
			isa = PBXResourcesBuildPhase;
			buildActionMask = 2147483647;
			files = (
				62F341DC1CA12DBD009499F6 /* LaunchScreen.storyboard in Resources */,
				62F341D91CA12DBD009499F6 /* Assets.xcassets in Resources */,
				62F341D71CA12DBD009499F6 /* Main.storyboard in Resources */,
			);
			runOnlyForDeploymentPostprocessing = 0;
		};
		62F341E01CA12DBD009499F6 /* Resources */ = {
			isa = PBXResourcesBuildPhase;
			buildActionMask = 2147483647;
			files = (
			);
			runOnlyForDeploymentPostprocessing = 0;
		};
/* End PBXResourcesBuildPhase section */

/* Begin PBXSourcesBuildPhase section */
		62F341C51CA12DBD009499F6 /* Sources */ = {
			isa = PBXSourcesBuildPhase;
			buildActionMask = 2147483647;
			files = (
				62F341D41CA12DBD009499F6 /* ViewController.m in Sources */,
				62F341F31CA12F25009499F6 /* LoadingView.m in Sources */,
				62F341D11CA12DBD009499F6 /* AppDelegate.m in Sources */,
				62F341CE1CA12DBD009499F6 /* main.m in Sources */,
			);
			runOnlyForDeploymentPostprocessing = 0;
		};
		62F341DE1CA12DBD009499F6 /* Sources */ = {
			isa = PBXSourcesBuildPhase;
			buildActionMask = 2147483647;
			files = (
				62F341E71CA12DBD009499F6 /* loadingAnimationTests.m in Sources */,
			);
			runOnlyForDeploymentPostprocessing = 0;
		};
/* End PBXSourcesBuildPhase section */

/* Begin PBXTargetDependency section */
		62F341E41CA12DBD009499F6 /* PBXTargetDependency */ = {
			isa = PBXTargetDependency;
			target = 62F341C81CA12DBD009499F6 /* loadingAnimation */;
			targetProxy = 62F341E31CA12DBD009499F6 /* PBXContainerItemProxy */;
		};
/* End PBXTargetDependency section */

/* Begin PBXVariantGroup section */
		62F341D51CA12DBD009499F6 /* Main.storyboard */ = {
			isa = PBXVariantGroup;
			children = (
				62F341D61CA12DBD009499F6 /* Base */,
			);
			name = Main.storyboard;
			sourceTree = "<group>";
		};
		62F341DA1CA12DBD009499F6 /* LaunchScreen.storyboard */ = {
			isa = PBXVariantGroup;
			children = (
				62F341DB1CA12DBD009499F6 /* Base */,
			);
			name = LaunchScreen.storyboard;
			sourceTree = "<group>";
		};
/* End PBXVariantGroup section */

/* Begin XCBuildConfiguration section */
		62F341E91CA12DBD009499F6 /* Debug */ = {
			isa = XCBuildConfiguration;
			buildSettings = {
				ALWAYS_SEARCH_USER_PATHS = NO;
				CLANG_CXX_LANGUAGE_STANDARD = "gnu++0x";
				CLANG_CXX_LIBRARY = "libc++";
				CLANG_ENABLE_MODULES = YES;
				CLANG_ENABLE_OBJC_ARC = YES;
				CLANG_WARN_BOOL_CONVERSION = YES;
				CLANG_WARN_CONSTANT_CONVERSION = YES;
				CLANG_WARN_DIRECT_OBJC_ISA_USAGE = YES_ERROR;
				CLANG_WARN_EMPTY_BODY = YES;
				CLANG_WARN_ENUM_CONVERSION = YES;
				CLANG_WARN_INT_CONVERSION = YES;
				CLANG_WARN_OBJC_ROOT_CLASS = YES_ERROR;
				CLANG_WARN_UNREACHABLE_CODE = YES;
				CLANG_WARN__DUPLICATE_METHOD_MATCH = YES;
				"CODE_SIGN_IDENTITY[sdk=iphoneos*]" = "iPhone Developer";
				COPY_PHASE_STRIP = NO;
				DEBUG_INFORMATION_FORMAT = dwarf;
				ENABLE_STRICT_OBJC_MSGSEND = YES;
				ENABLE_TESTABILITY = YES;
				GCC_C_LANGUAGE_STANDARD = gnu99;
				GCC_DYNAMIC_NO_PIC = NO;
				GCC_NO_COMMON_BLOCKS = YES;
				GCC_OPTIMIZATION_LEVEL = 0;
				GCC_PREPROCESSOR_DEFINITIONS = (
					"DEBUG=1",
					"$(inherited)",
				);
				GCC_WARN_64_TO_32_BIT_CONVERSION = YES;
				GCC_WARN_ABOUT_RETURN_TYPE = YES_ERROR;
				GCC_WARN_UNDECLARED_SELECTOR = YES;
				GCC_WARN_UNINITIALIZED_AUTOS = YES_AGGRESSIVE;
				GCC_WARN_UNUSED_FUNCTION = YES;
				GCC_WARN_UNUSED_VARIABLE = YES;
				IPHONEOS_DEPLOYMENT_TARGET = 9.2;
				MTL_ENABLE_DEBUG_INFO = YES;
				ONLY_ACTIVE_ARCH = YES;
				SDKROOT = iphoneos;
			};
			name = Debug;
		};
		62F341EA1CA12DBD009499F6 /* Release */ = {
			isa = XCBuildConfiguration;
			buildSettings = {
				ALWAYS_SEARCH_USER_PATHS = NO;
				CLANG_CXX_LANGUAGE_STANDARD = "gnu++0x";
				CLANG_CXX_LIBRARY = "libc++";
				CLANG_ENABLE_MODULES = YES;
				CLANG_ENABLE_OBJC_ARC = YES;
				CLANG_WARN_BOOL_CONVERSION = YES;
				CLANG_WARN_CONSTANT_CONVERSION = YES;
				CLANG_WARN_DIRECT_OBJC_ISA_USAGE = YES_ERROR;
				CLANG_WARN_EMPTY_BODY = YES;
				CLANG_WARN_ENUM_CONVERSION = YES;
				CLANG_WARN_INT_CONVERSION = YES;
				CLANG_WARN_OBJC_ROOT_CLASS = YES_ERROR;
				CLANG_WARN_UNREACHABLE_CODE = YES;
				CLANG_WARN__DUPLICATE_METHOD_MATCH = YES;
				"CODE_SIGN_IDENTITY[sdk=iphoneos*]" = "iPhone Developer";
				COPY_PHASE_STRIP = NO;
				DEBUG_INFORMATION_FORMAT = "dwarf-with-dsym";
				ENABLE_NS_ASSERTIONS = NO;
				ENABLE_STRICT_OBJC_MSGSEND = YES;
				GCC_C_LANGUAGE_STANDARD = gnu99;
				GCC_NO_COMMON_BLOCKS = YES;
				GCC_WARN_64_TO_32_BIT_CONVERSION = YES;
				GCC_WARN_ABOUT_RETURN_TYPE = YES_ERROR;
				GCC_WARN_UNDECLARED_SELECTOR = YES;
				GCC_WARN_UNINITIALIZED_AUTOS = YES_AGGRESSIVE;
				GCC_WARN_UNUSED_FUNCTION = YES;
				GCC_WARN_UNUSED_VARIABLE = YES;
				IPHONEOS_DEPLOYMENT_TARGET = 9.2;
				MTL_ENABLE_DEBUG_INFO = NO;
				SDKROOT = iphoneos;
				VALIDATE_PRODUCT = YES;
			};
			name = Release;
		};
		62F341EC1CA12DBD009499F6 /* Debug */ = {
			isa = XCBuildConfiguration;
			buildSettings = {
				ASSETCATALOG_COMPILER_APPICON_NAME = AppIcon;
				INFOPLIST_FILE = loadingAnimation/Info.plist;
				LD_RUNPATH_SEARCH_PATHS = "$(inherited) @executable_path/Frameworks";
				PRODUCT_BUNDLE_IDENTIFIER = com.changhong.loadingAnimation;
				PRODUCT_NAME = "$(TARGET_NAME)";
			};
			name = Debug;
		};
		62F341ED1CA12DBD009499F6 /* Release */ = {
			isa = XCBuildConfiguration;
			buildSettings = {
				ASSETCATALOG_COMPILER_APPICON_NAME = AppIcon;
				INFOPLIST_FILE = loadingAnimation/Info.plist;
				LD_RUNPATH_SEARCH_PATHS = "$(inherited) @executable_path/Frameworks";
				PRODUCT_BUNDLE_IDENTIFIER = com.changhong.loadingAnimation;
				PRODUCT_NAME = "$(TARGET_NAME)";
			};
			name = Release;
		};
		62F341EF1CA12DBD009499F6 /* Debug */ = {
			isa = XCBuildConfiguration;
			buildSettings = {
				BUNDLE_LOADER = "$(TEST_HOST)";
				INFOPLIST_FILE = loadingAnimationTests/Info.plist;
				LD_RUNPATH_SEARCH_PATHS = "$(inherited) @executable_path/Frameworks @loader_path/Frameworks";
				PRODUCT_BUNDLE_IDENTIFIER = com.changhong.loadingAnimationTests;
				PRODUCT_NAME = "$(TARGET_NAME)";
				TEST_HOST = "$(BUILT_PRODUCTS_DIR)/loadingAnimation.app/loadingAnimation";
			};
			name = Debug;
		};
		62F341F01CA12DBD009499F6 /* Release */ = {
			isa = XCBuildConfiguration;
			buildSettings = {
				BUNDLE_LOADER = "$(TEST_HOST)";
				INFOPLIST_FILE = loadingAnimationTests/Info.plist;
				LD_RUNPATH_SEARCH_PATHS = "$(inherited) @executable_path/Frameworks @loader_path/Frameworks";
				PRODUCT_BUNDLE_IDENTIFIER = com.changhong.loadingAnimationTests;
				PRODUCT_NAME = "$(TARGET_NAME)";
				TEST_HOST = "$(BUILT_PRODUCTS_DIR)/loadingAnimation.app/loadingAnimation";
			};
			name = Release;
		};
/* End XCBuildConfiguration section */

/* Begin XCConfigurationList section */
		62F341C41CA12DBD009499F6 /* Build configuration list for PBXProject "loadingAnimation" */ = {
			isa = XCConfigurationList;
			buildConfigurations = (
				62F341E91CA12DBD009499F6 /* Debug */,
				62F341EA1CA12DBD009499F6 /* Release */,
			);
			defaultConfigurationIsVisible = 0;
			defaultConfigurationName = Release;
		};
		62F341EB1CA12DBD009499F6 /* Build configuration list for PBXNativeTarget "loadingAnimation" */ = {
			isa = XCConfigurationList;
			buildConfigurations = (
				62F341EC1CA12DBD009499F6 /* Debug */,
				62F341ED1CA12DBD009499F6 /* Release */,
			);
			defaultConfigurationIsVisible = 0;
		};
		62F341EE1CA12DBD009499F6 /* Build configuration list for PBXNativeTarget "loadingAnimationTests" */ = {
			isa = XCConfigurationList;
			buildConfigurations = (
				62F341EF1CA12DBD009499F6 /* Debug */,
				62F341F01CA12DBD009499F6 /* Release */,
			);
			defaultConfigurationIsVisible = 0;
		};
/* End XCConfigurationList section */
	};
	rootObject = 62F341C11CA12DBD009499F6 /* Project object */;
}
